<?xml version="1.0" encoding="UTF-8"?>
<Project ToolsVersion="12.0" xmlns="http://schemas.microsoft.com/developer/msbuild/2003">
  <ItemGroup>
    <ClCompile Include="C:\Users\Benni\Programmierung\Emmeth\desktop\tools\openjpeg_v1_4_sources_r697\libopenjpeg\bio.c">
      <Filter>Source Files</Filter>
    </ClCompile>
    <ClCompile Include="C:\Users\Benni\Programmierung\Emmeth\desktop\tools\openjpeg_v1_4_sources_r697\libopenjpeg\cio.c">
      <Filter>Source Files</Filter>
    </ClCompile>
    <ClCompile Include="C:\Users\Benni\Programmierung\Emmeth\desktop\tools\openjpeg_v1_4_sources_r697\libopenjpeg\dwt.c">
      <Filter>Source Files</Filter>
    </ClCompile>
    <ClCompile Include="C:\Users\Benni\Programmierung\Emmeth\desktop\tools\openjpeg_v1_4_sources_r697\libopenjpeg\event.c">
      <Filter>Source Files</Filter>
    </ClCompile>
    <ClCompile Include="C:\Users\Benni\Programmierung\Emmeth\desktop\tools\openjpeg_v1_4_sources_r697\libopenjpeg\image.c">
      <Filter>Source Files</Filter>
    </ClCompile>
    <ClCompile Include="C:\Users\Benni\Programmierung\Emmeth\desktop\tools\openjpeg_v1_4_sources_r697\libopenjpeg\j2k.c">
      <Filter>Source Files</Filter>
    </ClCompile>
    <ClCompile Include="C:\Users\Benni\Programmierung\Emmeth\desktop\tools\openjpeg_v1_4_sources_r697\libopenjpeg\j2k_lib.c">
      <Filter>Source Files</Filter>
    </ClCompile>
    <ClCompile Include="C:\Users\Benni\Programmierung\Emmeth\desktop\tools\openjpeg_v1_4_sources_r697\libopenjpeg\jp2.c">
      <Filter>Source Files</Filter>
    </ClCompile>
    <ClCompile Include="C:\Users\Benni\Programmierung\Emmeth\desktop\tools\openjpeg_v1_4_sources_r697\libopenjpeg\jpt.c">
      <Filter>Source Files</Filter>
    </ClCompile>
    <ClCompile Include="C:\Users\Benni\Programmierung\Emmeth\desktop\tools\openjpeg_v1_4_sources_r697\libopenjpeg\mct.c">
      <Filter>Source Files</Filter>
    </ClCompile>
    <ClCompile Include="C:\Users\Benni\Programmierung\Emmeth\desktop\tools\openjpeg_v1_4_sources_r697\libopenjpeg\mqc.c">
      <Filter>Source Files</Filter>
    </ClCompile>
    <ClCompile Include="C:\Users\Benni\Programmierung\Emmeth\desktop\tools\openjpeg_v1_4_sources_r697\libopenjpeg\openjpeg.c">
      <Filter>Source Files</Filter>
    </ClCompile>
    <ClCompile Include="C:\Users\Benni\Programmierung\Emmeth\desktop\tools\openjpeg_v1_4_sources_r697\libopenjpeg\pi.c">
      <Filter>Source Files</Filter>
    </ClCompile>
    <ClCompile Include="C:\Users\Benni\Programmierung\Emmeth\desktop\tools\openjpeg_v1_4_sources_r697\libopenjpeg\raw.c">
      <Filter>Source Files</Filter>
    </ClCompile>
    <ClCompile Include="C:\Users\Benni\Programmierung\Emmeth\desktop\tools\openjpeg_v1_4_sources_r697\libopenjpeg\t1.c">
      <Filter>Source Files</Filter>
    </ClCompile>
    <ClCompile Include="C:\Users\Benni\Programmierung\Emmeth\desktop\tools\openjpeg_v1_4_sources_r697\libopenjpeg\t2.c">
      <Filter>Source Files</Filter>
    </ClCompile>
    <ClCompile Include="C:\Users\Benni\Programmierung\Emmeth\desktop\tools\openjpeg_v1_4_sources_r697\libopenjpeg\tcd.c">
      <Filter>Source Files</Filter>
    </ClCompile>
    <ClCompile Include="C:\Users\Benni\Programmierung\Emmeth\desktop\tools\openjpeg_v1_4_sources_r697\libopenjpeg\tgt.c">
      <Filter>Source Files</Filter>
    </ClCompile>
  </ItemGroup>
  <ItemGroup>
    <CustomBuild Include="C:\Users\Benni\Programmierung\Emmeth\desktop\tools\openjpeg_v1_4_sources_r697\libopenjpeg\CMakeLists.txt" />
  </ItemGroup>
  <ItemGroup>
    <Filter Include="Source Files">
      <UniqueIdentifier>{92C5CEEE-04CD-4940-B263-CB508CE9050D}</UniqueIdentifier>
    </Filter>
  </ItemGroup>
</Project>
