Microsoft Visual Studio Solution File, Format Version 12.00
# Visual Studio 2013
Project("{8BC9CEB8-8B4A-11D0-8D11-00A0C91BC942}") = "ALL_BUILD", "ALL_BUILD.vcxproj", "{F0BFE6D1-0C9A-409C-AB22-DAE2D16E34DB}"
	ProjectSection(ProjectDependencies) = postProject
		{0A7ED9B4-F511-4445-BC94-D409531BB50A} = {0A7ED9B4-F511-4445-BC94-D409531BB50A}
		{6B461E50-DCD7-46A1-94C2-2B804A4832E4} = {6B461E50-DCD7-46A1-94C2-2B804A4832E4}
		{9EA7BB6A-4877-4578-83FF-9E20612DDA1D} = {9EA7BB6A-4877-4578-83FF-9E20612DDA1D}
		{93BB9162-6308-4B12-BEEE-6AD68CC2AE7A} = {93BB9162-6308-4B12-BEEE-6AD68CC2AE7A}
		{199B68A1-AF5C-450B-958F-237D3C80424F} = {199B68A1-AF5C-450B-958F-237D3C80424F}
	EndProjectSection
EndProject
Project("{8BC9CEB8-8B4A-11D0-8D11-00A0C91BC942}") = "INSTALL", "INSTALL.vcxproj", "{BDE1D602-7A06-4EDF-9028-0DC6800DA445}"
	ProjectSection(ProjectDependencies) = postProject
		{F0BFE6D1-0C9A-409C-AB22-DAE2D16E34DB} = {F0BFE6D1-0C9A-409C-AB22-DAE2D16E34DB}
	EndProjectSection
EndProject
Project("{8BC9CEB8-8B4A-11D0-8D11-00A0C91BC942}") = "ZERO_CHECK", "ZERO_CHECK.vcxproj", "{0A7ED9B4-F511-4445-BC94-D409531BB50A}"
	ProjectSection(ProjectDependencies) = postProject
	EndProjectSection
EndProject
Project("{8BC9CEB8-8B4A-11D0-8D11-00A0C91BC942}") = "image_to_j2k", "codec\image_to_j2k.vcxproj", "{6B461E50-DCD7-46A1-94C2-2B804A4832E4}"
	ProjectSection(ProjectDependencies) = postProject
		{0A7ED9B4-F511-4445-BC94-D409531BB50A} = {0A7ED9B4-F511-4445-BC94-D409531BB50A}
		{199B68A1-AF5C-450B-958F-237D3C80424F} = {199B68A1-AF5C-450B-958F-237D3C80424F}
	EndProjectSection
EndProject
Project("{8BC9CEB8-8B4A-11D0-8D11-00A0C91BC942}") = "j2k_dump", "codec\j2k_dump.vcxproj", "{9EA7BB6A-4877-4578-83FF-9E20612DDA1D}"
	ProjectSection(ProjectDependencies) = postProject
		{0A7ED9B4-F511-4445-BC94-D409531BB50A} = {0A7ED9B4-F511-4445-BC94-D409531BB50A}
		{199B68A1-AF5C-450B-958F-237D3C80424F} = {199B68A1-AF5C-450B-958F-237D3C80424F}
	EndProjectSection
EndProject
Project("{8BC9CEB8-8B4A-11D0-8D11-00A0C91BC942}") = "j2k_to_image", "codec\j2k_to_image.vcxproj", "{93BB9162-6308-4B12-BEEE-6AD68CC2AE7A}"
	ProjectSection(ProjectDependencies) = postProject
		{0A7ED9B4-F511-4445-BC94-D409531BB50A} = {0A7ED9B4-F511-4445-BC94-D409531BB50A}
		{199B68A1-AF5C-450B-958F-237D3C80424F} = {199B68A1-AF5C-450B-958F-237D3C80424F}
	EndProjectSection
EndProject
Project("{8BC9CEB8-8B4A-11D0-8D11-00A0C91BC942}") = "openjpeg", "libopenjpeg\openjpeg.vcxproj", "{199B68A1-AF5C-450B-958F-237D3C80424F}"
	ProjectSection(ProjectDependencies) = postProject
		{0A7ED9B4-F511-4445-BC94-D409531BB50A} = {0A7ED9B4-F511-4445-BC94-D409531BB50A}
	EndProjectSection
EndProject
Global
	GlobalSection(SolutionConfigurationPlatforms) = preSolution
		Debug|Win32 = Debug|Win32
		Release|Win32 = Release|Win32
		MinSizeRel|Win32 = MinSizeRel|Win32
		RelWithDebInfo|Win32 = RelWithDebInfo|Win32
	EndGlobalSection
	GlobalSection(ProjectConfigurationPlatforms) = postSolution
		{F0BFE6D1-0C9A-409C-AB22-DAE2D16E34DB}.Debug|Win32.ActiveCfg = Debug|Win32
		{F0BFE6D1-0C9A-409C-AB22-DAE2D16E34DB}.Debug|Win32.Build.0 = Debug|Win32
		{F0BFE6D1-0C9A-409C-AB22-DAE2D16E34DB}.Release|Win32.ActiveCfg = Release|Win32
		{F0BFE6D1-0C9A-409C-AB22-DAE2D16E34DB}.Release|Win32.Build.0 = Release|Win32
		{F0BFE6D1-0C9A-409C-AB22-DAE2D16E34DB}.MinSizeRel|Win32.ActiveCfg = MinSizeRel|Win32
		{F0BFE6D1-0C9A-409C-AB22-DAE2D16E34DB}.MinSizeRel|Win32.Build.0 = MinSizeRel|Win32
		{F0BFE6D1-0C9A-409C-AB22-DAE2D16E34DB}.RelWithDebInfo|Win32.ActiveCfg = RelWithDebInfo|Win32
		{F0BFE6D1-0C9A-409C-AB22-DAE2D16E34DB}.RelWithDebInfo|Win32.Build.0 = RelWithDebInfo|Win32
		{BDE1D602-7A06-4EDF-9028-0DC6800DA445}.Debug|Win32.ActiveCfg = Debug|Win32
		{BDE1D602-7A06-4EDF-9028-0DC6800DA445}.Release|Win32.ActiveCfg = Release|Win32
		{BDE1D602-7A06-4EDF-9028-0DC6800DA445}.MinSizeRel|Win32.ActiveCfg = MinSizeRel|Win32
		{BDE1D602-7A06-4EDF-9028-0DC6800DA445}.RelWithDebInfo|Win32.ActiveCfg = RelWithDebInfo|Win32
		{0A7ED9B4-F511-4445-BC94-D409531BB50A}.Debug|Win32.ActiveCfg = Debug|Win32
		{0A7ED9B4-F511-4445-BC94-D409531BB50A}.Debug|Win32.Build.0 = Debug|Win32
		{0A7ED9B4-F511-4445-BC94-D409531BB50A}.Release|Win32.ActiveCfg = Release|Win32
		{0A7ED9B4-F511-4445-BC94-D409531BB50A}.Release|Win32.Build.0 = Release|Win32
		{0A7ED9B4-F511-4445-BC94-D409531BB50A}.MinSizeRel|Win32.ActiveCfg = MinSizeRel|Win32
		{0A7ED9B4-F511-4445-BC94-D409531BB50A}.MinSizeRel|Win32.Build.0 = MinSizeRel|Win32
		{0A7ED9B4-F511-4445-BC94-D409531BB50A}.RelWithDebInfo|Win32.ActiveCfg = RelWithDebInfo|Win32
		{0A7ED9B4-F511-4445-BC94-D409531BB50A}.RelWithDebInfo|Win32.Build.0 = RelWithDebInfo|Win32
		{6B461E50-DCD7-46A1-94C2-2B804A4832E4}.Debug|Win32.ActiveCfg = Debug|Win32
		{6B461E50-DCD7-46A1-94C2-2B804A4832E4}.Debug|Win32.Build.0 = Debug|Win32
		{6B461E50-DCD7-46A1-94C2-2B804A4832E4}.Release|Win32.ActiveCfg = Release|Win32
		{6B461E50-DCD7-46A1-94C2-2B804A4832E4}.Release|Win32.Build.0 = Release|Win32
		{6B461E50-DCD7-46A1-94C2-2B804A4832E4}.MinSizeRel|Win32.ActiveCfg = MinSizeRel|Win32
		{6B461E50-DCD7-46A1-94C2-2B804A4832E4}.MinSizeRel|Win32.Build.0 = MinSizeRel|Win32
		{6B461E50-DCD7-46A1-94C2-2B804A4832E4}.RelWithDebInfo|Win32.ActiveCfg = RelWithDebInfo|Win32
		{6B461E50-DCD7-46A1-94C2-2B804A4832E4}.RelWithDebInfo|Win32.Build.0 = RelWithDebInfo|Win32
		{9EA7BB6A-4877-4578-83FF-9E20612DDA1D}.Debug|Win32.ActiveCfg = Debug|Win32
		{9EA7BB6A-4877-4578-83FF-9E20612DDA1D}.Debug|Win32.Build.0 = Debug|Win32
		{9EA7BB6A-4877-4578-83FF-9E20612DDA1D}.Release|Win32.ActiveCfg = Release|Win32
		{9EA7BB6A-4877-4578-83FF-9E20612DDA1D}.Release|Win32.Build.0 = Release|Win32
		{9EA7BB6A-4877-4578-83FF-9E20612DDA1D}.MinSizeRel|Win32.ActiveCfg = MinSizeRel|Win32
		{9EA7BB6A-4877-4578-83FF-9E20612DDA1D}.MinSizeRel|Win32.Build.0 = MinSizeRel|Win32
		{9EA7BB6A-4877-4578-83FF-9E20612DDA1D}.RelWithDebInfo|Win32.ActiveCfg = RelWithDebInfo|Win32
		{9EA7BB6A-4877-4578-83FF-9E20612DDA1D}.RelWithDebInfo|Win32.Build.0 = RelWithDebInfo|Win32
		{93BB9162-6308-4B12-BEEE-6AD68CC2AE7A}.Debug|Win32.ActiveCfg = Debug|Win32
		{93BB9162-6308-4B12-BEEE-6AD68CC2AE7A}.Debug|Win32.Build.0 = Debug|Win32
		{93BB9162-6308-4B12-BEEE-6AD68CC2AE7A}.Release|Win32.ActiveCfg = Release|Win32
		{93BB9162-6308-4B12-BEEE-6AD68CC2AE7A}.Release|Win32.Build.0 = Release|Win32
		{93BB9162-6308-4B12-BEEE-6AD68CC2AE7A}.MinSizeRel|Win32.ActiveCfg = MinSizeRel|Win32
		{93BB9162-6308-4B12-BEEE-6AD68CC2AE7A}.MinSizeRel|Win32.Build.0 = MinSizeRel|Win32
		{93BB9162-6308-4B12-BEEE-6AD68CC2AE7A}.RelWithDebInfo|Win32.ActiveCfg = RelWithDebInfo|Win32
		{93BB9162-6308-4B12-BEEE-6AD68CC2AE7A}.RelWithDebInfo|Win32.Build.0 = RelWithDebInfo|Win32
		{199B68A1-AF5C-450B-958F-237D3C80424F}.Debug|Win32.ActiveCfg = Debug|Win32
		{199B68A1-AF5C-450B-958F-237D3C80424F}.Debug|Win32.Build.0 = Debug|Win32
		{199B68A1-AF5C-450B-958F-237D3C80424F}.Release|Win32.ActiveCfg = Release|Win32
		{199B68A1-AF5C-450B-958F-237D3C80424F}.Release|Win32.Build.0 = Release|Win32
		{199B68A1-AF5C-450B-958F-237D3C80424F}.MinSizeRel|Win32.ActiveCfg = MinSizeRel|Win32
		{199B68A1-AF5C-450B-958F-237D3C80424F}.MinSizeRel|Win32.Build.0 = MinSizeRel|Win32
		{199B68A1-AF5C-450B-958F-237D3C80424F}.RelWithDebInfo|Win32.ActiveCfg = RelWithDebInfo|Win32
		{199B68A1-AF5C-450B-958F-237D3C80424F}.RelWithDebInfo|Win32.Build.0 = RelWithDebInfo|Win32
	EndGlobalSection
	GlobalSection(ExtensibilityGlobals) = postSolution
	EndGlobalSection
	GlobalSection(ExtensibilityAddIns) = postSolution
	EndGlobalSection
EndGlobal
