<?xml version="1.0" encoding="utf-8"?>
<Project ToolsVersion="4.0" xmlns="http://schemas.microsoft.com/developer/msbuild/2003">
  <ItemGroup>
    <Filter Include="Source Files">
      <UniqueIdentifier>{ad0d2b71-fd06-426e-b736-2e8bb52a9002}</UniqueIdentifier>
      <Extensions>cpp;c;cxx;rc;def;r;odl;idl;hpj;bat</Extensions>
    </Filter>
    <Filter Include="Header Files">
      <UniqueIdentifier>{83846ead-0610-44cf-b71d-154b15eccb80}</UniqueIdentifier>
      <Extensions>h;hpp;hxx;hm;inl</Extensions>
    </Filter>
  </ItemGroup>
  <ItemGroup>
    <ClCompile Include="libopenjpeg\bio.c">
      <Filter>Source Files</Filter>
    </ClCompile>
    <ClCompile Include="libopenjpeg\cio.c">
      <Filter>Source Files</Filter>
    </ClCompile>
    <ClCompile Include="libopenjpeg\dwt.c">
      <Filter>Source Files</Filter>
    </ClCompile>
    <ClCompile Include="libopenjpeg\event.c">
      <Filter>Source Files</Filter>
    </ClCompile>
    <ClCompile Include="libopenjpeg\image.c">
      <Filter>Source Files</Filter>
    </ClCompile>
    <ClCompile Include="libopenjpeg\j2k.c">
      <Filter>Source Files</Filter>
    </ClCompile>
    <ClCompile Include="libopenjpeg\j2k_lib.c">
      <Filter>Source Files</Filter>
    </ClCompile>
    <ClCompile Include="libopenjpeg\jp2.c">
      <Filter>Source Files</Filter>
    </ClCompile>
    <ClCompile Include="libopenjpeg\jpt.c">
      <Filter>Source Files</Filter>
    </ClCompile>
    <ClCompile Include="libopenjpeg\mct.c">
      <Filter>Source Files</Filter>
    </ClCompile>
    <ClCompile Include="libopenjpeg\mqc.c">
      <Filter>Source Files</Filter>
    </ClCompile>
    <ClCompile Include="libopenjpeg\openjpeg.c">
      <Filter>Source Files</Filter>
    </ClCompile>
    <ClCompile Include="libopenjpeg\pi.c">
      <Filter>Source Files</Filter>
    </ClCompile>
    <ClCompile Include="libopenjpeg\raw.c">
      <Filter>Source Files</Filter>
    </ClCompile>
    <ClCompile Include="libopenjpeg\t1.c">
      <Filter>Source Files</Filter>
    </ClCompile>
    <ClCompile Include="libopenjpeg\t2.c">
      <Filter>Source Files</Filter>
    </ClCompile>
    <ClCompile Include="libopenjpeg\tcd.c">
      <Filter>Source Files</Filter>
    </ClCompile>
    <ClCompile Include="libopenjpeg\tgt.c">
      <Filter>Source Files</Filter>
    </ClCompile>
  </ItemGroup>
  <ItemGroup>
    <ClInclude Include="libopenjpeg\bio.h">
      <Filter>Header Files</Filter>
    </ClInclude>
    <ClInclude Include="libopenjpeg\cio.h">
      <Filter>Header Files</Filter>
    </ClInclude>
    <ClInclude Include="libopenjpeg\dwt.h">
      <Filter>Header Files</Filter>
    </ClInclude>
    <ClInclude Include="libopenjpeg\event.h">
      <Filter>Header Files</Filter>
    </ClInclude>
    <ClInclude Include="libopenjpeg\fix.h">
      <Filter>Header Files</Filter>
    </ClInclude>
    <ClInclude Include="libopenjpeg\image.h">
      <Filter>Header Files</Filter>
    </ClInclude>
    <ClInclude Include="libopenjpeg\int.h">
      <Filter>Header Files</Filter>
    </ClInclude>
    <ClInclude Include="libopenjpeg\j2k.h">
      <Filter>Header Files</Filter>
    </ClInclude>
    <ClInclude Include="libopenjpeg\j2k_lib.h">
      <Filter>Header Files</Filter>
    </ClInclude>
    <ClInclude Include="libopenjpeg\jp2.h">
      <Filter>Header Files</Filter>
    </ClInclude>
    <ClInclude Include="libopenjpeg\jpt.h">
      <Filter>Header Files</Filter>
    </ClInclude>
    <ClInclude Include="libopenjpeg\mct.h">
      <Filter>Header Files</Filter>
    </ClInclude>
    <ClInclude Include="libopenjpeg\mqc.h">
      <Filter>Header Files</Filter>
    </ClInclude>
    <ClInclude Include="libopenjpeg\openjpeg.h">
      <Filter>Header Files</Filter>
    </ClInclude>
    <ClInclude Include="libopenjpeg\opj_includes.h">
      <Filter>Header Files</Filter>
    </ClInclude>
    <ClInclude Include="libopenjpeg\opj_malloc.h">
      <Filter>Header Files</Filter>
    </ClInclude>
    <ClInclude Include="libopenjpeg\pi.h">
      <Filter>Header Files</Filter>
    </ClInclude>
    <ClInclude Include="libopenjpeg\raw.h">
      <Filter>Header Files</Filter>
    </ClInclude>
    <ClInclude Include="libopenjpeg\t1.h">
      <Filter>Header Files</Filter>
    </ClInclude>
    <ClInclude Include="libopenjpeg\t1_luts.h">
      <Filter>Header Files</Filter>
    </ClInclude>
    <ClInclude Include="libopenjpeg\t2.h">
      <Filter>Header Files</Filter>
    </ClInclude>
    <ClInclude Include="libopenjpeg\tcd.h">
      <Filter>Header Files</Filter>
    </ClInclude>
    <ClInclude Include="libopenjpeg\tgt.h">
      <Filter>Header Files</Filter>
    </ClInclude>
  </ItemGroup>
</Project>